<?xml version="1.0" encoding="utf-8"?>
<Project ToolsVersion="4.0" xmlns="http://schemas.microsoft.com/developer/msbuild/2003">
  <ItemGroup>
    <Filter Include="Source Files">
      <UniqueIdentifier>{4FC737F1-C7A5-4376-A066-2A32D752A2FF}</UniqueIdentifier>
      <Extensions>cpp;cxx;c;def</Extensions>
    </Filter>
    <Filter Include="Header Files">
      <UniqueIdentifier>{93995380-89BD-4b04-88EB-625FBE52EBFB}</UniqueIdentifier>
      <Extensions>h</Extensions>
    </Filter>
    <Filter Include="Resource Files">
      <UniqueIdentifier>{D9D6E242-F8AF-46E4-B9FD-80ECBC20BA3E}</UniqueIdentifier>
      <Extensions>qrc;*</Extensions>
      <ParseFiles>false</ParseFiles>
    </Filter>
    <Filter Include="Generated Files">
      <UniqueIdentifier>{71ED8ED8-ACB9-4CE9-BBE1-E00B30144E11}</UniqueIdentifier>
      <Extensions>moc;h;cpp</Extensions>
      <SourceControlFiles>False</SourceControlFiles>
    </Filter>
    <Filter Include="message">
      <UniqueIdentifier>{053f91d1-4b56-4afa-af21-f882e079c1ea}</UniqueIdentifier>
    </Filter>
    <Filter Include="frame">
      <UniqueIdentifier>{104155bb-7dd7-488d-910e-6f670dfddb4a}</UniqueIdentifier>
    </Filter>
    <Filter Include="request">
      <UniqueIdentifier>{96921411-b853-4489-9faf-fc3f7821790d}</UniqueIdentifier>
    </Filter>
    <Filter Include="db">
      <UniqueIdentifier>{949d9573-4159-472c-b717-5b9a34e17b0e}</UniqueIdentifier>
    </Filter>
    <Filter Include="Generated Files\Debug">
      <UniqueIdentifier>{7cfbea9f-4b82-4ffd-835c-7140e40e86c6}</UniqueIdentifier>
      <Extensions>cpp;moc</Extensions>
      <SourceControlFiles>False</SourceControlFiles>
    </Filter>
    <Filter Include="Generated Files\Release">
      <UniqueIdentifier>{7f26a506-be58-4a49-a492-dce81a184b8c}</UniqueIdentifier>
      <Extensions>cpp;moc</Extensions>
      <SourceControlFiles>False</SourceControlFiles>
    </Filter>
  </ItemGroup>
  <ItemGroup>
    <ClCompile Include="main.cpp">
      <Filter>Source Files</Filter>
    </ClCompile>
    <ClCompile Include="stdafx.cpp">
      <Filter>Source Files</Filter>
    </ClCompile>
    <ClCompile Include="message\login.pb.cc">
      <Filter>message</Filter>
    </ClCompile>
    <ClCompile Include="frame\vtsConnection.cpp">
      <Filter>frame</Filter>
    </ClCompile>
    <ClCompile Include="frame\vtsConnectionManager.cpp">
      <Filter>frame</Filter>
    </ClCompile>
    <ClCompile Include="frame\vtsDatabaseHandler.cpp">
      <Filter>frame</Filter>
    </ClCompile>
    <ClCompile Include="frame\vtsDBPool.cpp">
      <Filter>frame</Filter>
    </ClCompile>
    <ClCompile Include="frame\vtsLog.cpp">
      <Filter>frame</Filter>
    </ClCompile>
    <ClCompile Include="frame\vtsRequestHandler.cpp">
      <Filter>frame</Filter>
    </ClCompile>
    <ClCompile Include="frame\vtsServer.cpp">
      <Filter>frame</Filter>
    </ClCompile>
    <ClCompile Include="frame\vtsSession.cpp">
      <Filter>frame</Filter>
    </ClCompile>
    <ClCompile Include="request\LoginHandler.cpp">
      <Filter>request</Filter>
    </ClCompile>
    <ClCompile Include="db\DBLoginHandler.cpp">
      <Filter>db</Filter>
    </ClCompile>
    <ClCompile Include="frame\vtsServicePool.cpp">
      <Filter>frame</Filter>
    </ClCompile>
    <ClCompile Include="Config\hgConfigBase.cpp">
      <Filter>Source Files</Filter>
    </ClCompile>
    <ClCompile Include="Config\hgSysConfig.cpp">
      <Filter>Source Files</Filter>
    </ClCompile>
    <ClCompile Include="db\DBAidSailHandler.cpp">
      <Filter>Source Files</Filter>
    </ClCompile>
    <ClCompile Include="db\DBAnchorAreaHandler.cpp">
      <Filter>Source Files</Filter>
    </ClCompile>
    <ClCompile Include="db\DBAnchorReservHandler.cpp">
      <Filter>Source Files</Filter>
    </ClCompile>
    <ClCompile Include="db\DBAnchorWatchHandler.cpp">
      <Filter>Source Files</Filter>
    </ClCompile>
    <ClCompile Include="db\DBAuthorizedHandler.cpp">
      <Filter>Source Files</Filter>
    </ClCompile>
    <ClCompile Include="db\DBBerthWatchHandler.cpp">
      <Filter>Source Files</Filter>
    </ClCompile>
    <ClCompile Include="db\DBChannelHandler.cpp">
      <Filter>Source Files</Filter>
    </ClCompile>
    <ClCompile Include="db\DBCollisionWatchHandler.cpp">
      <Filter>Source Files</Filter>
    </ClCompile>
    <ClCompile Include="db\DBCPAHandler.cpp">
      <Filter>Source Files</Filter>
    </ClCompile>
    <ClCompile Include="db\DBCricleHandler.cpp">
      <Filter>Source Files</Filter>
    </ClCompile>
    <ClCompile Include="db\DBDomainHandler.cpp">
      <Filter>Source Files</Filter>
    </ClCompile>
    <ClCompile Include="db\DBDutyAreaHandler.cpp">
      <Filter>Source Files</Filter>
    </ClCompile>
    <ClCompile Include="db\DBEllipseHandler.cpp">
      <Filter>Source Files</Filter>
    </ClCompile>
    <ClCompile Include="db\DBFixedObjectHandler.cpp">
      <Filter>Source Files</Filter>
    </ClCompile>
    <ClCompile Include="db\DBGroundWatchHandler.cpp">
      <Filter>Source Files</Filter>
    </ClCompile>
    <ClCompile Include="db\DBGroupHandler.cpp">
      <Filter>Source Files</Filter>
    </ClCompile>
    <ClCompile Include="db\DBMovementEndHandler.cpp">
      <Filter>Source Files</Filter>
    </ClCompile>
    <ClCompile Include="db\DBNavigatChannelHandler.cpp">
      <Filter>Source Files</Filter>
    </ClCompile>
    <ClCompile Include="db\DBNotesHandler.cpp">
      <Filter>Source Files</Filter>
    </ClCompile>
    <ClCompile Include="db\DBPloygonHandler.cpp">
      <Filter>Source Files</Filter>
    </ClCompile>
    <ClCompile Include="db\DBRegisterHandler.cpp">
      <Filter>Source Files</Filter>
    </ClCompile>
    <ClCompile Include="db\DBReportAreaHandler.cpp">
      <Filter>Source Files</Filter>
    </ClCompile>
    <ClCompile Include="db\DBReportLineHandler.cpp">
      <Filter>Source Files</Filter>
    </ClCompile>
    <ClCompile Include="db\DBSectorHandler.cpp">
      <Filter>Source Files</Filter>
    </ClCompile>
    <ClCompile Include="db\DBSetShipHandler.cpp">
      <Filter>Source Files</Filter>
    </ClCompile>
    <ClCompile Include="db\DBSpeedWatchHandler.cpp">
      <Filter>Source Files</Filter>
    </ClCompile>
    <ClCompile Include="db\DBTurnCircleHandler.cpp">
      <Filter>Source Files</Filter>
    </ClCompile>
    <ClCompile Include="db\DBUserHandler.cpp">
      <Filter>Source Files</Filter>
    </ClCompile>
    <ClCompile Include="db\DBWaringHandler.cpp">
      <Filter>Source Files</Filter>
    </ClCompile>
    <ClCompile Include="frame\vtsPreprocessHandler.cpp">
      <Filter>Source Files</Filter>
    </ClCompile>
    <ClCompile Include="frame\vtsTimerHandler.cpp">
      <Filter>Source Files</Filter>
    </ClCompile>
    <ClCompile Include="GeneratedFiles\Debug\moc_hgtargetmanager.cpp">
      <Filter>Source Files</Filter>
    </ClCompile>
    <ClCompile Include="GeneratedFiles\Release\moc_hgtargetmanager.cpp">
      <Filter>Source Files</Filter>
    </ClCompile>
    <ClCompile Include="Managers\hgAlarmManager.cpp">
      <Filter>Source Files</Filter>
    </ClCompile>
    <ClCompile Include="Managers\hgComManager.cpp">
      <Filter>Source Files</Filter>
    </ClCompile>
    <ClCompile Include="Managers\hgConfigManager.cpp">
      <Filter>Source Files</Filter>
    </ClCompile>
    <ClCompile Include="Managers\hgDataManager.cpp">
      <Filter>Source Files</Filter>
    </ClCompile>
    <ClCompile Include="Managers\hgTargetManager.cpp">
      <Filter>Source Files</Filter>
    </ClCompile>
    <ClCompile Include="message\adduserlay.pb.cc" />
    <ClCompile Include="message\aidsail.pb.cc" />
    <ClCompile Include="message\channel.pb.cc" />
    <ClCompile Include="message\channelwarinfo.pb.cc" />
    <ClCompile Include="message\createUser.pb.cc" />
    <ClCompile Include="message\cricle.pb.cc" />
    <ClCompile Include="message\dutyarea.pb.cc" />
    <ClCompile Include="message\ellipse.pb.cc" />
    <ClCompile Include="message\fixedobject.pb.cc" />
    <ClCompile Include="message\group.pb.cc" />
    <ClCompile Include="message\hgAisMessage.pb.cc" />
    <ClCompile Include="message\hgAnchorAreaMes.pb.cc" />
    <ClCompile Include="message\hgAnchorReserv.pb.cc" />
    <ClCompile Include="message\hgAnchorWatch.pb.cc" />
    <ClCompile Include="message\hgAuthorized.pb.cc" />
    <ClCompile Include="message\hgBerthWatch.pb.cc" />
    <ClCompile Include="message\hgCollisionWatch.pb.cc" />
    <ClCompile Include="message\hgCPA.pb.cc" />
    <ClCompile Include="message\hgCPAWarning.pb.cc" />
    <ClCompile Include="message\hgDeleteTarget.pb.cc" />
    <ClCompile Include="message\hgDomain.pb.cc" />
    <ClCompile Include="message\hgGroundWatch.pb.cc" />
    <ClCompile Include="message\hgMovementEnd.pb.cc" />
    <ClCompile Include="message\hgNavigatChannel.pb.cc" />
    <ClCompile Include="message\hgPositionPrediction.pb.cc" />
    <ClCompile Include="message\hgReportArea.pb.cc" />
    <ClCompile Include="message\hgSetShip.pb.cc" />
    <ClCompile Include="message\hgSpeedWatch.pb.cc" />
    <ClCompile Include="message\hgTurnCircle.pb.cc" />
    <ClCompile Include="message\hgWarningMes.pb.cc" />
    <ClCompile Include="message\notes.pb.cc" />
    <ClCompile Include="message\ploygon.pb.cc" />
    <ClCompile Include="message\PointMes.pb.cc" />
    <ClCompile Include="message\register.pb.cc" />
    <ClCompile Include="message\reportline.pb.cc" />
    <ClCompile Include="message\sector.pb.cc" />
    <ClCompile Include="message\test.pb.cc" />
    <ClCompile Include="message\user.pb.cc" />
    <ClCompile Include="message\waring.pb.cc" />
    <ClCompile Include="message\waringinfo.pb.cc" />
    <ClCompile Include="OverLoad.cpp">
      <Filter>Source Files</Filter>
    </ClCompile>
    <ClCompile Include="request\AidSailHandler.cpp">
      <Filter>Source Files</Filter>
    </ClCompile>
    <ClCompile Include="request\ChannelHandler.cpp">
      <Filter>Source Files</Filter>
    </ClCompile>
    <ClCompile Include="request\CricleHandler.cpp">
      <Filter>Source Files</Filter>
    </ClCompile>
    <ClCompile Include="request\DutyAreaHandler.cpp">
      <Filter>Source Files</Filter>
    </ClCompile>
    <ClCompile Include="request\EllipseHandler.cpp">
      <Filter>Source Files</Filter>
    </ClCompile>
    <ClCompile Include="request\FixedObjectHandler.cpp">
      <Filter>Source Files</Filter>
    </ClCompile>
    <ClCompile Include="request\GroupHandler.cpp">
      <Filter>Source Files</Filter>
    </ClCompile>
    <ClCompile Include="request\hgAnchorAreaHandler.cpp">
      <Filter>Source Files</Filter>
    </ClCompile>
    <ClCompile Include="request\hgAnchorReservHandler.cpp">
      <Filter>Source Files</Filter>
    </ClCompile>
    <ClCompile Include="request\hgAnchorWatchHandler.cpp">
      <Filter>Source Files</Filter>
    </ClCompile>
    <ClCompile Include="request\hgAuthorizedHandler.cpp">
      <Filter>Source Files</Filter>
    </ClCompile>
    <ClCompile Include="request\hgCPAHandler.cpp">
      <Filter>Source Files</Filter>
    </ClCompile>
    <ClCompile Include="request\hgDomainHandler.cpp">
      <Filter>Source Files</Filter>
    </ClCompile>
    <ClCompile Include="request\hgPositionHandler.cpp">
      <Filter>Source Files</Filter>
    </ClCompile>
    <ClCompile Include="request\NotesHandler.cpp">
      <Filter>Source Files</Filter>
    </ClCompile>
    <ClCompile Include="request\PloygonHandler.cpp">
      <Filter>Source Files</Filter>
    </ClCompile>
    <ClCompile Include="request\RegisterHandler.cpp">
      <Filter>Source Files</Filter>
    </ClCompile>
    <ClCompile Include="request\ReportLineHandler.cpp">
      <Filter>Source Files</Filter>
    </ClCompile>
    <ClCompile Include="request\SectorHandler.cpp">
      <Filter>Source Files</Filter>
    </ClCompile>
    <ClCompile Include="request\UserHandler.cpp">
      <Filter>Source Files</Filter>
    </ClCompile>
    <ClCompile Include="request\WaringHandler.cpp">
      <Filter>Source Files</Filter>
    </ClCompile>
    <ClCompile Include="timer\hgAnchorAreaTimerHandler.cpp">
      <Filter>Source Files</Filter>
    </ClCompile>
    <ClCompile Include="timer\hgAnchorReservTimerHandler.cpp">
      <Filter>Source Files</Filter>
    </ClCompile>
    <ClCompile Include="timer\hgAnchorWatchTimerHandler.cpp">
      <Filter>Source Files</Filter>
    </ClCompile>
    <ClCompile Include="timer\hgChannelTimerHandler.cpp">
      <Filter>Source Files</Filter>
    </ClCompile>
    <ClCompile Include="timer\hgCrashTimerHandler.cpp">
      <Filter>Source Files</Filter>
    </ClCompile>
    <ClCompile Include="timer\hgCricleTimerHandler.cpp">
      <Filter>Source Files</Filter>
    </ClCompile>
    <ClCompile Include="timer\hgDomainTimerHandler.cpp">
      <Filter>Source Files</Filter>
    </ClCompile>
    <ClCompile Include="timer\hgEllipseTimerHandler.cpp">
      <Filter>Source Files</Filter>
    </ClCompile>
    <ClCompile Include="timer\hgPolygonTimerHandler.cpp">
      <Filter>Source Files</Filter>
    </ClCompile>
    <ClCompile Include="timer\hgPortTimerHandler.cpp">
      <Filter>Source Files</Filter>
    </ClCompile>
    <ClCompile Include="timer\hgReportTimerHandler.cpp">
      <Filter>Source Files</Filter>
    </ClCompile>
    <ClCompile Include="timer\hgSectorTimerHandler.cpp">
      <Filter>Source Files</Filter>
    </ClCompile>
    <ClCompile Include="timer\ReadElementTimerHandler.cpp">
      <Filter>Source Files</Filter>
    </ClCompile>
    <ClCompile Include="timer\TestTimerHandler.cpp">
      <Filter>Source Files</Filter>
    </ClCompile>
    <ClCompile Include="Managers\hgLayerDataManager.cpp">
      <Filter>Source Files</Filter>
    </ClCompile>
    <ClCompile Include="Managers\hgWarningSetManager.cpp">
      <Filter>Source Files</Filter>
    </ClCompile>
    <ClCompile Include="message\userhabit.pb.cc" />
    <ClCompile Include="message\hgCPAData.pb.cc" />
    <ClCompile Include="message\deviceinfo.pb.cc" />
    <ClCompile Include="message\hgPlayBack.pb.cc" />
    <ClCompile Include="LayerData\hgAidSailLayer.cpp">
      <Filter>Source Files</Filter>
    </ClCompile>
    <ClCompile Include="LayerData\hgBaseUserLayer.cpp">
      <Filter>Source Files</Filter>
    </ClCompile>
    <ClCompile Include="LayerData\hgChannelLayer.cpp">
      <Filter>Source Files</Filter>
    </ClCompile>
    <ClCompile Include="LayerData\hgCricleLayer.cpp">
      <Filter>Source Files</Filter>
    </ClCompile>
    <ClCompile Include="LayerData\hgDutyAreaLayer.cpp">
      <Filter>Source Files</Filter>
    </ClCompile>
    <ClCompile Include="LayerData\hgFixedObjectLayer.cpp">
      <Filter>Source Files</Filter>
    </ClCompile>
    <ClCompile Include="LayerData\hgNotesLayer.cpp">
      <Filter>Source Files</Filter>
    </ClCompile>
    <ClCompile Include="LayerData\hgPolygonLayer.cpp">
      <Filter>Source Files</Filter>
    </ClCompile>
    <ClCompile Include="LayerData\hgReportLineLayer.cpp">
      <Filter>Source Files</Filter>
    </ClCompile>
    <ClCompile Include="LayerData\hgSectorLayer.cpp">
      <Filter>Source Files</Filter>
    </ClCompile>
    <ClCompile Include="LayerData\hgShipWarningInfo.cpp">
      <Filter>Source Files</Filter>
    </ClCompile>
    <ClCompile Include="LayerData\hgUserLayWarning.cpp">
      <Filter>Source Files</Filter>
    </ClCompile>
    <ClCompile Include="timer\hgBerthWatchTimerHandler.cpp">
      <Filter>Source Files</Filter>
    </ClCompile>
    <ClCompile Include="timer\hgCollisionWatchTimerHandler.cpp">
      <Filter>Source Files</Filter>
    </ClCompile>
    <ClCompile Include="timer\hgDutyAreaTimerHandler.cpp">
      <Filter>Source Files</Filter>
    </ClCompile>
    <ClCompile Include="timer\hgGroundWatchTimerHandler.cpp">
      <Filter>Source Files</Filter>
    </ClCompile>
    <ClCompile Include="timer\hgLostTimerHandler.cpp">
      <Filter>Source Files</Filter>
    </ClCompile>
    <ClCompile Include="timer\hgMovementEndTimerHandler.cpp">
      <Filter>Source Files</Filter>
    </ClCompile>
    <ClCompile Include="timer\hgNavigatChannelTimerHandler.cpp">
      <Filter>Source Files</Filter>
    </ClCompile>
    <ClCompile Include="timer\hgReportAreaTimerHandler.cpp">
      <Filter>Source Files</Filter>
    </ClCompile>
    <ClCompile Include="timer\hgSimulationTimerHandler.cpp">
      <Filter>Source Files</Filter>
    </ClCompile>
    <ClCompile Include="timer\hgSpeedWatchTimerHandler.cpp">
      <Filter>Source Files</Filter>
    </ClCompile>
    <ClCompile Include="timer\hgSQLTimerHandler.cpp">
      <Filter>Source Files</Filter>
    </ClCompile>
    <ClCompile Include="timer\hgTrackPredictTimerHandler.cpp">
      <Filter>Source Files</Filter>
    </ClCompile>
    <ClCompile Include="timer\hgTurnCircleTimerHandler.cpp">
      <Filter>Source Files</Filter>
    </ClCompile>
    <ClCompile Include="Managers\hgCellularManager.cpp">
      <Filter>Source Files</Filter>
    </ClCompile>
    <ClCompile Include="db\DBArpaTargetHandler.cpp">
      <Filter>Source Files</Filter>
    </ClCompile>
    <ClCompile Include="db\DBHabitChartHandler.cpp">
      <Filter>Source Files</Filter>
    </ClCompile>
    <ClCompile Include="db\DBHabitDangerHandler.cpp">
      <Filter>Source Files</Filter>
    </ClCompile>
    <ClCompile Include="db\DBHabitSystemHandler.cpp">
      <Filter>Source Files</Filter>
    </ClCompile>
    <ClCompile Include="db\DBHabitTarSetHandler.cpp">
      <Filter>Source Files</Filter>
    </ClCompile>
    <ClCompile Include="db\DBHabitViewHandler.cpp">
      <Filter>Source Files</Filter>
    </ClCompile>
    <ClCompile Include="db\DBRadarImageHandler.cpp">
      <Filter>Source Files</Filter>
    </ClCompile>
    <ClCompile Include="Config\hgReadDataBase.cpp">
      <Filter>Source Files</Filter>
    </ClCompile>
    <ClCompile Include="AisReckoning\hgAisDeadReckoning.cpp">
      <Filter>Source Files</Filter>
    </ClCompile>
    <ClCompile Include="AisReckoning\hgPlaneProjection.cpp">
      <Filter>Source Files</Filter>
    </ClCompile>
    <ClCompile Include="message\hgAlgorWar.pb.cc" />
    <ClCompile Include="message\hgCellularShip.pb.cc" />
    <ClCompile Include="message\hgChannelMsg.pb.cc" />
    <ClCompile Include="message\hgEarlyWarnMes.pb.cc" />
    <ClCompile Include="message\hgWarningType.pb.cc" />
    <ClCompile Include="message\IdentityPack.pb.cc" />
    <ClCompile Include="message\RadarImagePack.pb.cc" />
    <ClCompile Include="request\hgAisTextHandler.cpp">
      <Filter>Source Files</Filter>
    </ClCompile>
    <ClCompile Include="request\hgAlgorWarMesHandler.cpp">
      <Filter>Source Files</Filter>
    </ClCompile>
    <ClCompile Include="request\hgArpaTargetHandler.cpp">
      <Filter>Source Files</Filter>
    </ClCompile>
    <ClCompile Include="request\hgBerthWatchHandler.cpp">
      <Filter>Source Files</Filter>
    </ClCompile>
    <ClCompile Include="request\hgCellChannelHandler.cpp">
      <Filter>Source Files</Filter>
    </ClCompile>
    <ClCompile Include="request\hgCellShipHandler.cpp">
      <Filter>Source Files</Filter>
    </ClCompile>
    <ClCompile Include="request\hgCollisionWatchHandler.cpp">
      <Filter>Source Files</Filter>
    </ClCompile>
    <ClCompile Include="request\hgCPAWarningHandler.cpp">
      <Filter>Source Files</Filter>
    </ClCompile>
    <ClCompile Include="request\hgDeleteTargetHandler.cpp">
      <Filter>Source Files</Filter>
    </ClCompile>
    <ClCompile Include="request\hgEarlyWarnHandler.cpp">
      <Filter>Source Files</Filter>
    </ClCompile>
    <ClCompile Include="request\hgGroundWatchHandler.cpp">
      <Filter>Source Files</Filter>
    </ClCompile>
    <ClCompile Include="request\hgHabitChartHandler.cpp">
      <Filter>Source Files</Filter>
    </ClCompile>
    <ClCompile Include="request\hgHabitDangerHandler.cpp">
      <Filter>Source Files</Filter>
    </ClCompile>
    <ClCompile Include="request\hgHabitSystemHandler.cpp">
      <Filter>Source Files</Filter>
    </ClCompile>
    <ClCompile Include="request\hgHabitTarSetHandler.cpp">
      <Filter>Source Files</Filter>
    </ClCompile>
    <ClCompile Include="request\hgHabitViewHandler.cpp">
      <Filter>Source Files</Filter>
    </ClCompile>
    <ClCompile Include="request\hgIdentityHandler.cpp">
      <Filter>Source Files</Filter>
    </ClCompile>
    <ClCompile Include="request\hgMovementEndHandler.cpp">
      <Filter>Source Files</Filter>
    </ClCompile>
    <ClCompile Include="request\hgNavigatChannelHandler.cpp">
      <Filter>Source Files</Filter>
    </ClCompile>
    <ClCompile Include="request\hgRadarAskHandler.cpp">
      <Filter>Source Files</Filter>
    </ClCompile>
    <ClCompile Include="request\hgRadarHeaderHandler.cpp">
      <Filter>Source Files</Filter>
    </ClCompile>
    <ClCompile Include="request\hgRadarImageHandler.cpp">
      <Filter>Source Files</Filter>
    </ClCompile>
    <ClCompile Include="request\hgReportAreaHandler.cpp">
      <Filter>Source Files</Filter>
    </ClCompile>
    <ClCompile Include="request\hgSetShipHandler.cpp">
      <Filter>Source Files</Filter>
    </ClCompile>
    <ClCompile Include="request\hgSimulationHandler.cpp">
      <Filter>Source Files</Filter>
    </ClCompile>
    <ClCompile Include="request\hgSpeedWatchHandler.cpp">
      <Filter>Source Files</Filter>
    </ClCompile>
    <ClCompile Include="request\hgTargetHandler.cpp">
      <Filter>Source Files</Filter>
    </ClCompile>
    <ClCompile Include="request\hgTurnCircleHandler.cpp">
      <Filter>Source Files</Filter>
    </ClCompile>
    <ClCompile Include="request\hgWarningMesHandler.cpp">
      <Filter>Source Files</Filter>
    </ClCompile>
    <ClCompile Include="request\hgAisChangeHandler.cpp">
      <Filter>Source Files</Filter>
    </ClCompile>
    <ClCompile Include="db\DBAisChangeHandler.cpp">
      <Filter>Source Files</Filter>
    </ClCompile>
    <ClCompile Include="db\DBWarnHistoryHandler.cpp">
      <Filter>Source Files</Filter>
    </ClCompile>
    <ClCompile Include="message\hgAisChange.pb.cc" />
    <ClCompile Include="request\hgAlgorTextHandler.cpp">
      <Filter>Source Files</Filter>
    </ClCompile>
    <ClCompile Include="message\hgAlgorText.pb.cc" />
    <ClCompile Include="message\hgAlarmArea.pb.cc" />
    <ClCompile Include="message\hgPolygonMes.pb.cc" />
    <ClCompile Include="request\hgAlarmAreaHandler.cpp">
      <Filter>Source Files</Filter>
    </ClCompile>
    <ClCompile Include="db\DBAlarmAreaHandler.cpp">
      <Filter>Source Files</Filter>
    </ClCompile>
    <ClCompile Include="timer\hgFuseTimerHandler.cpp">
      <Filter>Source Files</Filter>
    </ClCompile>
    <ClCompile Include="timer\hgRadarAisTimerHandler.cpp">
      <Filter>Source Files</Filter>
    </ClCompile>
    <ClCompile Include="request\hgAlgorithmModeHandler.cpp">
      <Filter>Source Files</Filter>
    </ClCompile>
    <ClCompile Include="request\hgAlgorOwnShipHandler.cpp">
      <Filter>Source Files</Filter>
    </ClCompile>
    <ClCompile Include="request\hgDownLineHandler.cpp">
      <Filter>Source Files</Filter>
    </ClCompile>
    <ClCompile Include="request\hgShipAreaHandler.cpp">
      <Filter>Source Files</Filter>
    </ClCompile>
    <ClCompile Include="message\AlgorithmMode.pb.cc" />
    <ClCompile Include="message\hgAlgorOwnShip.pb.cc" />
    <ClCompile Include="message\hgShipAisMessage.pb.cc" />
    <ClCompile Include="message\hgShipArea.pb.cc" />
    <ClCompile Include="Managers\hgSendManager.cpp">
      <Filter>Source Files</Filter>
    </ClCompile>
    <ClCompile Include="db\DBAlgorTextHandler.cpp">
      <Filter>Source Files</Filter>
    </ClCompile>
    <ClCompile Include="db\DBAlgorWarMesHandler.cpp">
      <Filter>Source Files</Filter>
    </ClCompile>
    <ClCompile Include="db\DBSaveAisHandler.cpp">
      <Filter>Source Files</Filter>
    </ClCompile>
    <ClCompile Include="Config\hgCPAConfig.cpp">
      <Filter>Source Files</Filter>
    </ClCompile>
    <ClCompile Include="Blowfish\BlowFish.cpp">
      <Filter>Source Files</Filter>
    </ClCompile>
    <ClCompile Include="Blowfish\CryptTool.cpp">
      <Filter>Source Files</Filter>
    </ClCompile>
    <ClCompile Include="Blowfish\DiskInfo.cpp">
      <Filter>Source Files</Filter>
    </ClCompile>
    <ClCompile Include="Blowfish\Encrypt.cpp">
      <Filter>Source Files</Filter>
    </ClCompile>
    <ClCompile Include="db\DBAlgorOwnShipHandler.cpp">
      <Filter>Source Files</Filter>
    </ClCompile>
    <ClCompile Include="message\hgServerMode.pb.cc" />
    <ClCompile Include="request\hgServerModeHandler.cpp">
      <Filter>Source Files</Filter>
    </ClCompile>
    <ClCompile Include="message\hgGPSData.pb.cc" />
    <ClCompile Include="request\hgGPSDataHandler.cpp">
      <Filter>Source Files</Filter>
    </ClCompile>
    <ClCompile Include="request\hgRadarAISStateHandler.cpp">
      <Filter>Source Files</Filter>
    </ClCompile>
    <ClCompile Include="hgLogExpand.cpp">
      <Filter>Source Files</Filter>
    </ClCompile>
    <ClCompile Include="timer\hgDBHandler.cpp">
      <Filter>Source Files</Filter>
    </ClCompile>
    <ClCompile Include="request\hgAlgorBackHandler.cpp">
      <Filter>Source Files</Filter>
    </ClCompile>
    <ClCompile Include="request\hgArpaAllHandler.cpp">
      <Filter>Source Files</Filter>
    </ClCompile>
    <ClCompile Include="request\hgFuseSetHandler.cpp">
      <Filter>Source Files</Filter>
    </ClCompile>
    <ClCompile Include="request\hgGPSComHandler.cpp">
      <Filter>Source Files</Filter>
    </ClCompile>
    <ClCompile Include="request\hgHeartBeatHandler.cpp">
      <Filter>Source Files</Filter>
    </ClCompile>
    <ClCompile Include="request\hgShipHdgHandler.cpp">
      <Filter>Source Files</Filter>
    </ClCompile>
    <ClCompile Include="request\VoltagesHandler.cpp">
      <Filter>Source Files</Filter>
    </ClCompile>
    <ClCompile Include="message\hgAlgorBack.pb.cc" />
    <ClCompile Include="message\hgArpaAll.pb.cc" />
    <ClCompile Include="message\hgFuseSet.pb.cc" />
    <ClCompile Include="message\hgGPSCom.pb.cc" />
    <ClCompile Include="message\hgHeartBeat.pb.cc" />
    <ClCompile Include="message\hgShipHdg.pb.cc" />
    <ClCompile Include="message\Voltages.pb.cc" />
    <ClCompile Include="db\DBAlgorBackHandler.cpp">
      <Filter>Source Files</Filter>
    </ClCompile>
    <ClCompile Include="db\DBArpaAllHandler.cpp">
      <Filter>Source Files</Filter>
    </ClCompile>
  </ItemGroup>
  <ItemGroup>
    <ClInclude Include="stdafx.h">
      <Filter>Header Files</Filter>
    </ClInclude>
    <ClInclude Include="message\login.pb.h">
      <Filter>message</Filter>
    </ClInclude>
    <ClInclude Include="frame\vtsConnection.h">
      <Filter>frame</Filter>
    </ClInclude>
    <ClInclude Include="frame\vtsConnectionManager.h">
      <Filter>frame</Filter>
    </ClInclude>
    <ClInclude Include="frame\vtsDatabaseHandler.h">
      <Filter>frame</Filter>
    </ClInclude>
    <ClInclude Include="frame\vtsDBPool.h">
      <Filter>frame</Filter>
    </ClInclude>
    <ClInclude Include="frame\vtsLog.h">
      <Filter>frame</Filter>
    </ClInclude>
    <ClInclude Include="frame\vtsMessage.h">
      <Filter>frame</Filter>
    </ClInclude>
    <ClInclude Include="frame\vtsRequestHandler.h">
      <Filter>frame</Filter>
    </ClInclude>
    <ClInclude Include="frame\vtsServer.h">
      <Filter>frame</Filter>
    </ClInclude>
    <ClInclude Include="frame\vtsSession.h">
      <Filter>frame</Filter>
    </ClInclude>
    <ClInclude Include="request\LoginHandler.h">
      <Filter>request</Filter>
    </ClInclude>
    <ClInclude Include="db\DBLoginHandler.h">
      <Filter>db</Filter>
    </ClInclude>
    <ClInclude Include="frame\IOServicePool.h">
      <Filter>frame</Filter>
    </ClInclude>
    <ClInclude Include="config\hgconfigbase.h">
      <Filter>Header Files</Filter>
    </ClInclude>
    <ClInclude Include="config\hgsysconfig.h">
      <Filter>Header Files</Filter>
    </ClInclude>
    <ClInclude Include="db\DBAidSailHandler.h">
      <Filter>Header Files</Filter>
    </ClInclude>
    <ClInclude Include="db\DBAnchorAreaHandler.h">
      <Filter>Header Files</Filter>
    </ClInclude>
    <ClInclude Include="db\DBAnchorReservHandler.h">
      <Filter>Header Files</Filter>
    </ClInclude>
    <ClInclude Include="db\DBAnchorWatchHandler.h">
      <Filter>Header Files</Filter>
    </ClInclude>
    <ClInclude Include="db\DBAuthorizedHandler.h">
      <Filter>Header Files</Filter>
    </ClInclude>
    <ClInclude Include="db\DBBerthWatchHandler.h">
      <Filter>Header Files</Filter>
    </ClInclude>
    <ClInclude Include="db\dbchannelhandler.h">
      <Filter>Header Files</Filter>
    </ClInclude>
    <ClInclude Include="db\DBCollisionWatchHandler.h">
      <Filter>Header Files</Filter>
    </ClInclude>
    <ClInclude Include="db\DBCPAHandler.h">
      <Filter>Header Files</Filter>
    </ClInclude>
    <ClInclude Include="db\DBCricleHandler.h">
      <Filter>Header Files</Filter>
    </ClInclude>
    <ClInclude Include="db\DBDomainHandler.h">
      <Filter>Header Files</Filter>
    </ClInclude>
    <ClInclude Include="db\DBDutyAreaHandler.h">
      <Filter>Header Files</Filter>
    </ClInclude>
    <ClInclude Include="db\DBEllipseHandler.h">
      <Filter>Header Files</Filter>
    </ClInclude>
    <ClInclude Include="db\DBFixedObjectHandler.h">
      <Filter>Header Files</Filter>
    </ClInclude>
    <ClInclude Include="db\DBGroundWatchHandler.h">
      <Filter>Header Files</Filter>
    </ClInclude>
    <ClInclude Include="db\DBGroupHandler.h">
      <Filter>Header Files</Filter>
    </ClInclude>
    <ClInclude Include="db\DBMovementEndHandler.h">
      <Filter>Header Files</Filter>
    </ClInclude>
    <ClInclude Include="db\DBNavigatChannelHandler.h">
      <Filter>Header Files</Filter>
    </ClInclude>
    <ClInclude Include="db\DBNotesHandler.h">
      <Filter>Header Files</Filter>
    </ClInclude>
    <ClInclude Include="db\DBPloygonHandler.h">
      <Filter>Header Files</Filter>
    </ClInclude>
    <ClInclude Include="db\DBRegisterHandler.h">
      <Filter>Header Files</Filter>
    </ClInclude>
    <ClInclude Include="db\DBReportAreaHandler.h">
      <Filter>Header Files</Filter>
    </ClInclude>
    <ClInclude Include="db\DBReportLineHandler.h">
      <Filter>Header Files</Filter>
    </ClInclude>
    <ClInclude Include="db\DBSectorHandler.h">
      <Filter>Header Files</Filter>
    </ClInclude>
    <ClInclude Include="db\DBSetShipHandler.h">
      <Filter>Header Files</Filter>
    </ClInclude>
    <ClInclude Include="db\DBSpeedWatchHandler.h">
      <Filter>Header Files</Filter>
    </ClInclude>
    <ClInclude Include="db\DBTurnCircleHandler.h">
      <Filter>Header Files</Filter>
    </ClInclude>
    <ClInclude Include="db\DBUserHandler.h">
      <Filter>Header Files</Filter>
    </ClInclude>
    <ClInclude Include="db\DBWaringHandler.h">
      <Filter>Header Files</Filter>
    </ClInclude>
    <ClInclude Include="db\hgDBAisHandler.h">
      <Filter>Header Files</Filter>
    </ClInclude>
    <ClInclude Include="frame\vtsPreprocessHandler.h">
      <Filter>Header Files</Filter>
    </ClInclude>
    <ClInclude Include="frame\vtsTimerHandler.h">
      <Filter>Header Files</Filter>
    </ClInclude>
    <ClInclude Include="Managers\hgAlarmManager.h">
      <Filter>Header Files</Filter>
    </ClInclude>
    <ClInclude Include="managers\hgcommanager.h">
      <Filter>Header Files</Filter>
    </ClInclude>
    <ClInclude Include="managers\hgconfigmanager.h">
      <Filter>Header Files</Filter>
    </ClInclude>
    <ClInclude Include="managers\hgdatamanager.h">
      <Filter>Header Files</Filter>
    </ClInclude>
    <ClInclude Include="managers\hgelementmanager.h">
      <Filter>Header Files</Filter>
    </ClInclude>
    <ClInclude Include="message\adduserlay.pb.h">
      <Filter>Header Files</Filter>
    </ClInclude>
    <ClInclude Include="message\aidsail.pb.h">
      <Filter>Header Files</Filter>
    </ClInclude>
    <ClInclude Include="message\channel.pb.h">
      <Filter>Header Files</Filter>
    </ClInclude>
    <ClInclude Include="message\channelwarinfo.pb.h">
      <Filter>Header Files</Filter>
    </ClInclude>
    <ClInclude Include="message\createUser.pb.h">
      <Filter>Header Files</Filter>
    </ClInclude>
    <ClInclude Include="message\cricle.pb.h">
      <Filter>Header Files</Filter>
    </ClInclude>
    <ClInclude Include="message\dutyarea.pb.h">
      <Filter>Header Files</Filter>
    </ClInclude>
    <ClInclude Include="message\ellipse.pb.h">
      <Filter>Header Files</Filter>
    </ClInclude>
    <ClInclude Include="message\fixedobject.pb.h">
      <Filter>Header Files</Filter>
    </ClInclude>
    <ClInclude Include="message\group.pb.h">
      <Filter>Header Files</Filter>
    </ClInclude>
    <ClInclude Include="message\hgAisMessage.pb.h">
      <Filter>Header Files</Filter>
    </ClInclude>
    <ClInclude Include="message\hgAnchorAreaMes.pb.h">
      <Filter>Header Files</Filter>
    </ClInclude>
    <ClInclude Include="message\hgAnchorReserv.pb.h">
      <Filter>Header Files</Filter>
    </ClInclude>
    <ClInclude Include="message\hgAnchorWatch.pb.h">
      <Filter>Header Files</Filter>
    </ClInclude>
    <ClInclude Include="message\hgAuthorized.pb.h">
      <Filter>Header Files</Filter>
    </ClInclude>
    <ClInclude Include="message\hgBerthWatch.pb.h">
      <Filter>Header Files</Filter>
    </ClInclude>
    <ClInclude Include="message\hgCollisionWatch.pb.h">
      <Filter>Header Files</Filter>
    </ClInclude>
    <ClInclude Include="message\hgCPA.pb.h">
      <Filter>Header Files</Filter>
    </ClInclude>
    <ClInclude Include="message\hgCPAWarning.pb.h">
      <Filter>Header Files</Filter>
    </ClInclude>
    <ClInclude Include="message\hgDeleteTarget.pb.h">
      <Filter>Header Files</Filter>
    </ClInclude>
    <ClInclude Include="message\hgDomain.pb.h">
      <Filter>Header Files</Filter>
    </ClInclude>
    <ClInclude Include="message\hgGroundWatch.pb.h">
      <Filter>Header Files</Filter>
    </ClInclude>
    <ClInclude Include="message\hgMovementEnd.pb.h">
      <Filter>Header Files</Filter>
    </ClInclude>
    <ClInclude Include="message\hgNavigatChannel.pb.h">
      <Filter>Header Files</Filter>
    </ClInclude>
    <ClInclude Include="message\hgPositionPrediction.pb.h">
      <Filter>Header Files</Filter>
    </ClInclude>
    <ClInclude Include="message\hgReportArea.pb.h">
      <Filter>Header Files</Filter>
    </ClInclude>
    <ClInclude Include="message\hgSetShip.pb.h">
      <Filter>Header Files</Filter>
    </ClInclude>
    <ClInclude Include="message\hgSpeedWatch.pb.h">
      <Filter>Header Files</Filter>
    </ClInclude>
    <ClInclude Include="message\hgTurnCircle.pb.h">
      <Filter>Header Files</Filter>
    </ClInclude>
    <ClInclude Include="message\hgWarningMes.pb.h">
      <Filter>Header Files</Filter>
    </ClInclude>
    <ClInclude Include="message\notes.pb.h">
      <Filter>Header Files</Filter>
    </ClInclude>
    <ClInclude Include="message\ploygon.pb.h">
      <Filter>Header Files</Filter>
    </ClInclude>
    <ClInclude Include="message\PointMes.pb.h">
      <Filter>Header Files</Filter>
    </ClInclude>
    <ClInclude Include="message\register.pb.h">
      <Filter>Header Files</Filter>
    </ClInclude>
    <ClInclude Include="message\reportline.pb.h">
      <Filter>Header Files</Filter>
    </ClInclude>
    <ClInclude Include="message\sector.pb.h">
      <Filter>Header Files</Filter>
    </ClInclude>
    <ClInclude Include="message\test.pb.h">
      <Filter>Header Files</Filter>
    </ClInclude>
    <ClInclude Include="message\user.pb.h">
      <Filter>Header Files</Filter>
    </ClInclude>
    <ClInclude Include="message\waring.pb.h">
      <Filter>Header Files</Filter>
    </ClInclude>
    <ClInclude Include="message\waringinfo.pb.h">
      <Filter>Header Files</Filter>
    </ClInclude>
    <ClInclude Include="OverLoad.h">
      <Filter>Header Files</Filter>
    </ClInclude>
    <ClInclude Include="request\AidSailHandler.h">
      <Filter>Header Files</Filter>
    </ClInclude>
    <ClInclude Include="request\ChannelHandler.h">
      <Filter>Header Files</Filter>
    </ClInclude>
    <ClInclude Include="request\CricleHandler.h">
      <Filter>Header Files</Filter>
    </ClInclude>
    <ClInclude Include="request\DutyAreaHandler.h">
      <Filter>Header Files</Filter>
    </ClInclude>
    <ClInclude Include="request\EllipseHandler.h">
      <Filter>Header Files</Filter>
    </ClInclude>
    <ClInclude Include="request\FixedObjectHandler.h">
      <Filter>Header Files</Filter>
    </ClInclude>
    <ClInclude Include="request\GroupHandler.h">
      <Filter>Header Files</Filter>
    </ClInclude>
    <ClInclude Include="request\hgAisHandler.h">
      <Filter>Header Files</Filter>
    </ClInclude>
    <ClInclude Include="request\hgAnchorAreaHandler.h">
      <Filter>Header Files</Filter>
    </ClInclude>
    <ClInclude Include="request\hgAnchorReservHandler.h">
      <Filter>Header Files</Filter>
    </ClInclude>
    <ClInclude Include="request\hgAnchorWatchHandler.h">
      <Filter>Header Files</Filter>
    </ClInclude>
    <ClInclude Include="request\hgAuthorizedHandler.h">
      <Filter>Header Files</Filter>
    </ClInclude>
    <ClInclude Include="request\hgCPAHandler.h">
      <Filter>Header Files</Filter>
    </ClInclude>
    <ClInclude Include="request\hgDomainHandler.h">
      <Filter>Header Files</Filter>
    </ClInclude>
    <ClInclude Include="request\hgPositionHandler.h">
      <Filter>Header Files</Filter>
    </ClInclude>
    <ClInclude Include="request\NotesHandler.h">
      <Filter>Header Files</Filter>
    </ClInclude>
    <ClInclude Include="request\PloygonHandler.h">
      <Filter>Header Files</Filter>
    </ClInclude>
    <ClInclude Include="request\RegisterHandler.h">
      <Filter>Header Files</Filter>
    </ClInclude>
    <ClInclude Include="request\ReportLineHandler.h">
      <Filter>Header Files</Filter>
    </ClInclude>
    <ClInclude Include="request\SectorHandler.h">
      <Filter>Header Files</Filter>
    </ClInclude>
    <ClInclude Include="request\UserHandler.h">
      <Filter>Header Files</Filter>
    </ClInclude>
    <ClInclude Include="request\WaringHandler.h">
      <Filter>Header Files</Filter>
    </ClInclude>
    <ClInclude Include="timer\AISDutyAreaTimerHandler.h">
      <Filter>Header Files</Filter>
    </ClInclude>
    <ClInclude Include="timer\hgAnchorAreaTimerHandler.h">
      <Filter>Header Files</Filter>
    </ClInclude>
    <ClInclude Include="timer\hgAnchorReservTimerHandler.h">
      <Filter>Header Files</Filter>
    </ClInclude>
    <ClInclude Include="timer\hgAnchorWatchTimerHandler.h">
      <Filter>Header Files</Filter>
    </ClInclude>
    <ClInclude Include="timer\hgChannelTimerHandler.h">
      <Filter>Header Files</Filter>
    </ClInclude>
    <ClInclude Include="timer\hgCrashTimerHandler.h">
      <Filter>Header Files</Filter>
    </ClInclude>
    <ClInclude Include="timer\hgCricleTimerHandler.h">
      <Filter>Header Files</Filter>
    </ClInclude>
    <ClInclude Include="timer\hgDomainTimerHandler.h">
      <Filter>Header Files</Filter>
    </ClInclude>
    <ClInclude Include="timer\hgEllipseTimerHandler.h">
      <Filter>Header Files</Filter>
    </ClInclude>
    <ClInclude Include="timer\hgPolygonTimerHandler.h">
      <Filter>Header Files</Filter>
    </ClInclude>
    <ClInclude Include="timer\hgPortTimerHandler.h">
      <Filter>Header Files</Filter>
    </ClInclude>
    <ClInclude Include="timer\hgReportTimerHandler.h">
      <Filter>Header Files</Filter>
    </ClInclude>
    <ClInclude Include="timer\hgSectorTimerHandler.h">
      <Filter>Header Files</Filter>
    </ClInclude>
    <ClInclude Include="timer\ReadElementTimerHandler.h">
      <Filter>Header Files</Filter>
    </ClInclude>
    <ClInclude Include="timer\TestTimerHandler.h">
      <Filter>Header Files</Filter>
    </ClInclude>
    <ClInclude Include="managers\hglayerdatamanager.h">
      <Filter>Header Files</Filter>
    </ClInclude>
    <ClInclude Include="message\userhabit.pb.h">
      <Filter>Header Files</Filter>
    </ClInclude>
    <ClInclude Include="message\hgCPAData.pb.h">
      <Filter>Header Files</Filter>
    </ClInclude>
    <ClInclude Include="message\deviceinfo.pb.h">
      <Filter>Header Files</Filter>
    </ClInclude>
    <ClInclude Include="message\hgPlayBack.pb.h">
      <Filter>Header Files</Filter>
    </ClInclude>
    <ClInclude Include="layerdata\hgaidsaillayer.h">
      <Filter>Header Files</Filter>
    </ClInclude>
    <ClInclude Include="LayerData\hgBaseUserLayer.h">
      <Filter>Header Files</Filter>
    </ClInclude>
    <ClInclude Include="layerdata\hgchannellayer.h">
      <Filter>Header Files</Filter>
    </ClInclude>
    <ClInclude Include="layerdata\hgcriclelayer.h">
      <Filter>Header Files</Filter>
    </ClInclude>
    <ClInclude Include="layerdata\hgdutyarealayer.h">
      <Filter>Header Files</Filter>
    </ClInclude>
    <ClInclude Include="layerdata\hgfixedobjectlayer.h">
      <Filter>Header Files</Filter>
    </ClInclude>
    <ClInclude Include="layerdata\hgnoteslayer.h">
      <Filter>Header Files</Filter>
    </ClInclude>
    <ClInclude Include="layerdata\hgpolygonlayer.h">
      <Filter>Header Files</Filter>
    </ClInclude>
    <ClInclude Include="layerdata\hgreportlinelayer.h">
      <Filter>Header Files</Filter>
    </ClInclude>
    <ClInclude Include="layerdata\hgsectorlayer.h">
      <Filter>Header Files</Filter>
    </ClInclude>
    <ClInclude Include="layerdata\hgshipwarninginfo.h">
      <Filter>Header Files</Filter>
    </ClInclude>
    <ClInclude Include="layerdata\hguserlaywarning.h">
      <Filter>Header Files</Filter>
    </ClInclude>
    <ClInclude Include="timer\hgBerthWatchTimerHandler.h">
      <Filter>Header Files</Filter>
    </ClInclude>
    <ClInclude Include="timer\hgCollisionWatchTimerHandler.h">
      <Filter>Header Files</Filter>
    </ClInclude>
    <ClInclude Include="timer\hgDutyAreaTimerHandler.h">
      <Filter>Header Files</Filter>
    </ClInclude>
    <ClInclude Include="timer\hgGroundWatchTimerHandler.h">
      <Filter>Header Files</Filter>
    </ClInclude>
    <ClInclude Include="timer\hgLostTimerHandler.h">
      <Filter>Header Files</Filter>
    </ClInclude>
    <ClInclude Include="timer\hgMovementEndTimerHandler.h">
      <Filter>Header Files</Filter>
    </ClInclude>
    <ClInclude Include="timer\hgNavigatChannelTimerHandler.h">
      <Filter>Header Files</Filter>
    </ClInclude>
    <ClInclude Include="timer\hgReportAreaTimerHandler.h">
      <Filter>Header Files</Filter>
    </ClInclude>
    <ClInclude Include="timer\hgSimulationTimerHandler.h">
      <Filter>Header Files</Filter>
    </ClInclude>
    <ClInclude Include="timer\hgSpeedWatchTimerHandler.h">
      <Filter>Header Files</Filter>
    </ClInclude>
    <ClInclude Include="timer\hgSQLTimerHandler.h">
      <Filter>Header Files</Filter>
    </ClInclude>
    <ClInclude Include="timer\hgTrackPredictTimerHandler.h">
      <Filter>Header Files</Filter>
    </ClInclude>
    <ClInclude Include="timer\hgTurnCircleTimerHandler.h">
      <Filter>Header Files</Filter>
    </ClInclude>
    <ClInclude Include="Managers\hgCellularManager.h">
      <Filter>Header Files</Filter>
    </ClInclude>
    <ClInclude Include="db\DBArpaTargetHandler.h">
      <Filter>Header Files</Filter>
    </ClInclude>
    <ClInclude Include="db\DBHabitChartHandler.h">
      <Filter>Header Files</Filter>
    </ClInclude>
    <ClInclude Include="db\DBHabitDangerHandler.h">
      <Filter>Header Files</Filter>
    </ClInclude>
    <ClInclude Include="db\DBHabitSystemHandler.h">
      <Filter>Header Files</Filter>
    </ClInclude>
    <ClInclude Include="db\DBHabitTarSetHandler.h">
      <Filter>Header Files</Filter>
    </ClInclude>
    <ClInclude Include="db\DBHabitViewHandler.h">
      <Filter>Header Files</Filter>
    </ClInclude>
    <ClInclude Include="db\DBRadarImageHandler.h">
      <Filter>Header Files</Filter>
    </ClInclude>
    <ClInclude Include="Config\hgReadDataBase.h">
      <Filter>Header Files</Filter>
    </ClInclude>
    <ClInclude Include="AisReckoning\hgAisDeadReckoning.h">
      <Filter>Header Files</Filter>
    </ClInclude>
    <ClInclude Include="AisReckoning\hgPlaneProjection.h">
      <Filter>Header Files</Filter>
    </ClInclude>
    <ClInclude Include="message\hgAlgorWar.pb.h">
      <Filter>Header Files</Filter>
    </ClInclude>
    <ClInclude Include="message\hgCellularShip.pb.h">
      <Filter>Header Files</Filter>
    </ClInclude>
    <ClInclude Include="message\hgChannelMsg.pb.h">
      <Filter>Header Files</Filter>
    </ClInclude>
    <ClInclude Include="message\hgEarlyWarnMes.pb.h">
      <Filter>Header Files</Filter>
    </ClInclude>
    <ClInclude Include="message\hgWarningType.pb.h">
      <Filter>Header Files</Filter>
    </ClInclude>
    <ClInclude Include="message\IdentityPack.pb.h">
      <Filter>Header Files</Filter>
    </ClInclude>
    <ClInclude Include="message\RadarImagePack.pb.h">
      <Filter>Header Files</Filter>
    </ClInclude>
    <ClInclude Include="frame\vtsServerBase.h">
      <Filter>Header Files</Filter>
    </ClInclude>
    <ClInclude Include="frame\vtsservicepool.h">
      <Filter>Header Files</Filter>
    </ClInclude>
    <ClInclude Include="request\hgAisTextHandler.h">
      <Filter>Header Files</Filter>
    </ClInclude>
    <ClInclude Include="request\hgAlgorWarMesHandler.h">
      <Filter>Header Files</Filter>
    </ClInclude>
    <ClInclude Include="request\hgArpaTargetHandler.h">
      <Filter>Header Files</Filter>
    </ClInclude>
    <ClInclude Include="request\hgBerthWatchHandler.h">
      <Filter>Header Files</Filter>
    </ClInclude>
    <ClInclude Include="request\hgCellChannelHandler.h">
      <Filter>Header Files</Filter>
    </ClInclude>
    <ClInclude Include="request\hgCellShipHandler.h">
      <Filter>Header Files</Filter>
    </ClInclude>
    <ClInclude Include="request\hgCollisionWatchHandler.h">
      <Filter>Header Files</Filter>
    </ClInclude>
    <ClInclude Include="request\hgCPAWarningHandler.h">
      <Filter>Header Files</Filter>
    </ClInclude>
    <ClInclude Include="request\hgDeleteTargetHandler.h">
      <Filter>Header Files</Filter>
    </ClInclude>
    <ClInclude Include="request\hgEarlyWarnHandler.h">
      <Filter>Header Files</Filter>
    </ClInclude>
    <ClInclude Include="request\hgGroundWatchHandler.h">
      <Filter>Header Files</Filter>
    </ClInclude>
    <ClInclude Include="request\hgHabitChartHandler.h">
      <Filter>Header Files</Filter>
    </ClInclude>
    <ClInclude Include="request\hgHabitDangerHandler.h">
      <Filter>Header Files</Filter>
    </ClInclude>
    <ClInclude Include="request\hgHabitSystemHandler.h">
      <Filter>Header Files</Filter>
    </ClInclude>
    <ClInclude Include="request\hgHabitTarSetHandler.h">
      <Filter>Header Files</Filter>
    </ClInclude>
    <ClInclude Include="request\hgHabitViewHandler.h">
      <Filter>Header Files</Filter>
    </ClInclude>
    <ClInclude Include="request\hgIdentityHandler.h">
      <Filter>Header Files</Filter>
    </ClInclude>
    <ClInclude Include="request\hgMovementEndHandler.h">
      <Filter>Header Files</Filter>
    </ClInclude>
    <ClInclude Include="request\hgNavigatChannelHandler.h">
      <Filter>Header Files</Filter>
    </ClInclude>
    <ClInclude Include="request\hgRadarAskHandler.h">
      <Filter>Header Files</Filter>
    </ClInclude>
    <ClInclude Include="request\hgRadarHeaderHandler.h">
      <Filter>Header Files</Filter>
    </ClInclude>
    <ClInclude Include="request\hgRadarImageHandler.h">
      <Filter>Header Files</Filter>
    </ClInclude>
    <ClInclude Include="request\hgReportAreaHandler.h">
      <Filter>Header Files</Filter>
    </ClInclude>
    <ClInclude Include="request\hgSetShipHandler.h">
      <Filter>Header Files</Filter>
    </ClInclude>
    <ClInclude Include="request\hgSimulationHandler.h">
      <Filter>Header Files</Filter>
    </ClInclude>
    <ClInclude Include="request\hgSpeedWatchHandler.h">
      <Filter>Header Files</Filter>
    </ClInclude>
    <ClInclude Include="request\hgTargetHandler.h">
      <Filter>Header Files</Filter>
    </ClInclude>
    <ClInclude Include="request\hgTurnCircleHandler.h">
      <Filter>Header Files</Filter>
    </ClInclude>
    <ClInclude Include="request\hgWarningMesHandler.h">
      <Filter>Header Files</Filter>
    </ClInclude>
    <ClInclude Include="request\hgAisChangeHandler.h">
      <Filter>Header Files</Filter>
    </ClInclude>
    <ClInclude Include="db\DBAisChangeHandler.h">
      <Filter>Header Files</Filter>
    </ClInclude>
    <ClInclude Include="db\DBWarnHistoryHandler.h">
      <Filter>Header Files</Filter>
    </ClInclude>
    <ClInclude Include="message\hgAisChange.pb.h">
      <Filter>Header Files</Filter>
    </ClInclude>
    <ClInclude Include="request\hgAlgorTextHandler.h">
      <Filter>Header Files</Filter>
    </ClInclude>
    <ClInclude Include="message\hgAlgorText.pb.h">
      <Filter>Header Files</Filter>
    </ClInclude>
    <ClInclude Include="message\hgAlarmArea.pb.h">
      <Filter>Header Files</Filter>
    </ClInclude>
    <ClInclude Include="message\hgPolygonMes.pb.h">
      <Filter>Header Files</Filter>
    </ClInclude>
    <ClInclude Include="request\hgAlarmAreaHandler.h">
      <Filter>Header Files</Filter>
    </ClInclude>
    <ClInclude Include="db\DBAlarmAreaHandler.h">
      <Filter>Header Files</Filter>
    </ClInclude>
    <ClInclude Include="timer\hgFuseTimerHandler.h">
      <Filter>Header Files</Filter>
    </ClInclude>
    <ClInclude Include="timer\hgRadarAisTimerHandler.h">
      <Filter>Header Files</Filter>
    </ClInclude>
    <ClInclude Include="request\hgAlgorithmModeHandler.h">
      <Filter>Header Files</Filter>
    </ClInclude>
    <ClInclude Include="request\hgAlgorOwnShipHandler.h">
      <Filter>Header Files</Filter>
    </ClInclude>
    <ClInclude Include="request\hgDownLineHandler.h">
      <Filter>Header Files</Filter>
    </ClInclude>
    <ClInclude Include="request\hgShipAreaHandler.h">
      <Filter>Header Files</Filter>
    </ClInclude>
    <ClInclude Include="message\AlgorithmMode.pb.h">
      <Filter>Header Files</Filter>
    </ClInclude>
    <ClInclude Include="message\hgAlgorOwnShip.pb.h">
      <Filter>Header Files</Filter>
    </ClInclude>
    <ClInclude Include="message\hgShipAisMessage.pb.h">
      <Filter>Header Files</Filter>
    </ClInclude>
    <ClInclude Include="message\hgShipArea.pb.h">
      <Filter>Header Files</Filter>
    </ClInclude>
    <ClInclude Include="Managers\hgSendManager.h">
      <Filter>Header Files</Filter>
    </ClInclude>
    <ClInclude Include="db\DBAlgorTextHandler.h">
      <Filter>Header Files</Filter>
    </ClInclude>
    <ClInclude Include="db\DBAlgorWarMesHandler.h">
      <Filter>Header Files</Filter>
    </ClInclude>
    <ClInclude Include="db\DBSaveAisHandler.h">
      <Filter>Header Files</Filter>
    </ClInclude>
    <ClInclude Include="Config\hgCPAConfig.h">
      <Filter>Header Files</Filter>
    </ClInclude>
    <ClInclude Include="Blowfish\Blowfish.h">
      <Filter>Header Files</Filter>
    </ClInclude>
    <ClInclude Include="Blowfish\CryptTool.h">
      <Filter>Header Files</Filter>
    </ClInclude>
    <ClInclude Include="Blowfish\DiskInfo.h">
      <Filter>Header Files</Filter>
    </ClInclude>
    <ClInclude Include="blowfish\encrypt.h">
      <Filter>Header Files</Filter>
    </ClInclude>
    <ClInclude Include="db\DBAlgorOwnShipHandler.h">
      <Filter>Header Files</Filter>
    </ClInclude>
    <ClInclude Include="hgMyMap.h">
      <Filter>Header Files</Filter>
    </ClInclude>
    <ClInclude Include="managers\hgwarningsetmanager.h">
      <Filter>Header Files</Filter>
    </ClInclude>
    <ClInclude Include="message\hgServerMode.pb.h">
      <Filter>Header Files</Filter>
    </ClInclude>
    <ClInclude Include="request\hgServerModeHandler.h">
      <Filter>Header Files</Filter>
    </ClInclude>
    <ClInclude Include="message\hgGPSData.pb.h">
      <Filter>Header Files</Filter>
    </ClInclude>
    <ClInclude Include="request\hgGPSDataHandler.h">
      <Filter>Header Files</Filter>
    </ClInclude>
    <ClInclude Include="request\hgRadarAISStateHandler.h">
      <Filter>Header Files</Filter>
    </ClInclude>
    <ClInclude Include="hgLogExpand.h">
      <Filter>Header Files</Filter>
    </ClInclude>
    <ClInclude Include="hgOnlyInstance.h">
      <Filter>Header Files</Filter>
    </ClInclude>
    <ClInclude Include="timer\hgDBHandler.h">
      <Filter>Header Files</Filter>
    </ClInclude>
    <ClInclude Include="request\hgAlgorBackHandler.h">
      <Filter>Header Files</Filter>
    </ClInclude>
    <ClInclude Include="request\hgArpaAllHandler.h">
      <Filter>Header Files</Filter>
    </ClInclude>
    <ClInclude Include="request\hgFuseSetHandler.h">
      <Filter>Header Files</Filter>
    </ClInclude>
    <ClInclude Include="request\hgGPSComHandler.h">
      <Filter>Header Files</Filter>
    </ClInclude>
    <ClInclude Include="request\hgHeartBeatHandler.h">
      <Filter>Header Files</Filter>
    </ClInclude>
    <ClInclude Include="request\hgShipHdgHandler.h">
      <Filter>Header Files</Filter>
    </ClInclude>
    <ClInclude Include="request\VoltagesHandler.h">
      <Filter>Header Files</Filter>
    </ClInclude>
    <ClInclude Include="message\hgAlgorBack.pb.h">
      <Filter>Header Files</Filter>
    </ClInclude>
    <ClInclude Include="message\hgArpaAll.pb.h">
      <Filter>Header Files</Filter>
    </ClInclude>
    <ClInclude Include="message\hgFuseSet.pb.h">
      <Filter>Header Files</Filter>
    </ClInclude>
    <ClInclude Include="message\hgGPSCom.pb.h">
      <Filter>Header Files</Filter>
    </ClInclude>
    <ClInclude Include="message\hgHeartBeat.pb.h">
      <Filter>Header Files</Filter>
    </ClInclude>
    <ClInclude Include="message\hgShipHdg.pb.h">
      <Filter>Header Files</Filter>
    </ClInclude>
    <ClInclude Include="message\Voltages.pb.h">
      <Filter>Header Files</Filter>
    </ClInclude>
    <ClInclude Include="db\DBAlgorBackHandler.h">
      <Filter>Header Files</Filter>
    </ClInclude>
    <ClInclude Include="db\DBArpaAllHandler.h">
      <Filter>Header Files</Filter>
    </ClInclude>
  </ItemGroup>
  <ItemGroup>
    <CustomBuild Include="managers\hgtargetmanager.h">
      <Filter>Header Files</Filter>
    </CustomBuild>
  </ItemGroup>
  <ItemGroup>
    <None Include="vtsServer.bat" />
    <None Include="pro\adduserlay.proto" />
    <None Include="pro\aidsail.proto" />
    <None Include="pro\AlgorithmMode.proto" />
    <None Include="pro\channel.proto" />
    <None Include="pro\channelwarinfo.proto" />
    <None Include="pro\createUser.proto" />
    <None Include="pro\cricle.proto" />
    <None Include="pro\deviceinfo.proto" />
    <None Include="pro\dutyarea.proto" />
    <None Include="pro\ellipse.proto" />
    <None Include="pro\fixedobject.proto" />
    <None Include="pro\group.proto" />
    <None Include="pro\hgAisChange.proto" />
    <None Include="pro\hgAisMessage.proto" />
    <None Include="pro\hgAlarmArea.proto" />
    <None Include="pro\hgAlgorBack.proto" />
    <None Include="pro\hgAlgorOwnShip.proto" />
    <None Include="pro\hgAlgorText.proto" />
    <None Include="pro\hgAlgorWar.proto" />
    <None Include="pro\hgAnchorAreaMes.proto" />
    <None Include="pro\hgAnchorReserv.proto" />
    <None Include="pro\hgAnchorWatch.proto" />
    <None Include="pro\hgArpaAll.proto" />
    <None Include="pro\hgAuthorized.proto" />
    <None Include="pro\hgBerthWatch.proto" />
    <None Include="pro\hgCellularShip.proto" />
    <None Include="pro\hgChannelMsg.proto" />
    <None Include="pro\hgCollisionWatch.proto" />
    <None Include="pro\hgCPA.proto" />
    <None Include="pro\hgCPAData.proto" />
    <None Include="pro\hgCPAWarning.proto" />
    <None Include="pro\hgDeleteTarget.proto" />
    <None Include="pro\hgDomain.proto" />
    <None Include="pro\hgEarlyWarnMes.proto" />
    <None Include="pro\hgFuseSet.proto" />
    <None Include="pro\hgGPSData.proto" />
    <None Include="pro\hgGroundWatch.proto" />
    <None Include="pro\hgHeartBeat.proto" />
    <None Include="pro\hgMovementEnd.proto" />
    <None Include="pro\hgNavigatChannel.proto" />
    <None Include="pro\hgPlayBack.proto" />
    <None Include="pro\hgPolygonMes.proto" />
    <None Include="pro\hgPositionPrediction.proto" />
    <None Include="pro\hgReportArea.proto" />
    <None Include="pro\hgServerMode.proto" />
    <None Include="pro\hgSetShip.proto" />
    <None Include="pro\hgShipAisMessage.proto" />
    <None Include="pro\hgShipArea.proto" />
    <None Include="pro\hgShipHdg.proto" />
    <None Include="pro\hgSpeedWatch.proto" />
    <None Include="pro\hgTurnCircle.proto" />
    <None Include="pro\hgWarningMes.proto" />
    <None Include="pro\hgWarningType.proto" />
    <None Include="pro\IdentityPack.proto" />
    <None Include="pro\login.proto" />
    <None Include="pro\notes.proto" />
    <None Include="pro\ploygon.proto" />
    <None Include="pro\PointMes.proto" />
    <None Include="pro\proto.bat" />
    <None Include="pro\protoc.exe" />
    <None Include="pro\RadarImagePack.proto" />
    <None Include="pro\register.proto" />
    <None Include="pro\reportline.proto" />
    <None Include="pro\sector.proto" />
    <None Include="pro\test.proto" />
    <None Include="pro\user.proto" />
    <None Include="pro\userhabit.proto" />
    <None Include="pro\Voltages.proto" />
    <None Include="pro\waring.proto" />
    <None Include="pro\waringinfo.proto" />
  </ItemGroup>
</Project>